
Microsoft Visual Studio Solution File, Format Version 12.00
# Visual Studio Version 17
VisualStudioVersion = 17.8.34601.278
MinimumVisualStudioVersion = 10.0.40219.1
Project("{9A19103F-16F7-4668-BE54-9A1E7A4F7556}") = "Contact.API", "Contact.API\Contact.API.csproj", "{23B90184-61EC-40F6-BEA7-6F9D044A0DEF}"
EndProject
Project("{9A19103F-16F7-4668-BE54-9A1E7A4F7556}") = "Shared", "Shared\Shared.csproj", "{103B1802-77D6-47A5-B6E4-0041B64B74C9}"
EndProject
Project("{9A19103F-16F7-4668-BE54-9A1E7A4F7556}") = "Report.API", "Report.API\Report.API.csproj", "{C46BFB28-8548-4CE7-B6EA-8E64E5EBDAA6}"
EndProject
Project("{2150E333-8FDC-42A3-9474-1A3956D46DE8}") = "Services", "Services", "{2F6E058F-D735-4B01-870B-B0A8F59FD254}"
EndProject
Project("{2150E333-8FDC-42A3-9474-1A3956D46DE8}") = "ContactService", "ContactService", "{2B75017D-BBB0-4794-BAED-E1A2FB205E43}"
EndProject
Project("{2150E333-8FDC-42A3-9474-1A3956D46DE8}") = "ReportService", "ReportService", "{66CA0F19-C551-45DA-AFCD-B4518FA6CDDD}"
EndProject
Project("{9A19103F-16F7-4668-BE54-9A1E7A4F7556}") = "Contact.Application", "Contact.Application\Contact.Application.csproj", "{F6923471-1C75-4E3A-8F28-44A8C5412882}"
EndProject
Project("{9A19103F-16F7-4668-BE54-9A1E7A4F7556}") = "Contact.Persistence", "Contact.Persistence\Contact.Persistence.csproj", "{A695899F-C9CF-4E5F-9626-7651AFF29BE9}"
EndProject
Project("{9A19103F-16F7-4668-BE54-9A1E7A4F7556}") = "Contact.Domain", "Contact.Domain\Contact.Domain.csproj", "{62576589-2A05-4D5E-8D69-58DB510173EE}"
EndProject
Project("{9A19103F-16F7-4668-BE54-9A1E7A4F7556}") = "Contact.Test", "Contact.Test\Contact.Test.csproj", "{E4282D60-2C54-480E-B6D0-0FAFF112F3DB}"
EndProject
Project("{FAE04EC0-301F-11D3-BF4B-00C04F79EFBC}") = "Report.Domain", "Report.Domain\Report.Domain.csproj", "{F3294C5E-6E22-42E9-B140-0578A34F2903}"
EndProject
Project("{FAE04EC0-301F-11D3-BF4B-00C04F79EFBC}") = "Report.Application", "Report.Application\Report.Application.csproj", "{3B7BDA5C-0DEF-495E-9524-ED971AD4A616}"
EndProject
Project("{FAE04EC0-301F-11D3-BF4B-00C04F79EFBC}") = "Report.Persistence", "Report.Persistence\Report.Persistence.csproj", "{727D68C3-7341-41B0-8386-05A684DB6B49}"
EndProject
Global
	GlobalSection(SolutionConfigurationPlatforms) = preSolution
		Debug|Any CPU = Debug|Any CPU
		Release|Any CPU = Release|Any CPU
	EndGlobalSection
	GlobalSection(ProjectConfigurationPlatforms) = postSolution
		{23B90184-61EC-40F6-BEA7-6F9D044A0DEF}.Debug|Any CPU.ActiveCfg = Debug|Any CPU
		{23B90184-61EC-40F6-BEA7-6F9D044A0DEF}.Debug|Any CPU.Build.0 = Debug|Any CPU
		{23B90184-61EC-40F6-BEA7-6F9D044A0DEF}.Release|Any CPU.ActiveCfg = Release|Any CPU
		{23B90184-61EC-40F6-BEA7-6F9D044A0DEF}.Release|Any CPU.Build.0 = Release|Any CPU
		{103B1802-77D6-47A5-B6E4-0041B64B74C9}.Debug|Any CPU.ActiveCfg = Debug|Any CPU
		{103B1802-77D6-47A5-B6E4-0041B64B74C9}.Debug|Any CPU.Build.0 = Debug|Any CPU
		{103B1802-77D6-47A5-B6E4-0041B64B74C9}.Release|Any CPU.ActiveCfg = Release|Any CPU
		{103B1802-77D6-47A5-B6E4-0041B64B74C9}.Release|Any CPU.Build.0 = Release|Any CPU
		{C46BFB28-8548-4CE7-B6EA-8E64E5EBDAA6}.Debug|Any CPU.ActiveCfg = Debug|Any CPU
		{C46BFB28-8548-4CE7-B6EA-8E64E5EBDAA6}.Debug|Any CPU.Build.0 = Debug|Any CPU
		{C46BFB28-8548-4CE7-B6EA-8E64E5EBDAA6}.Release|Any CPU.ActiveCfg = Release|Any CPU
		{C46BFB28-8548-4CE7-B6EA-8E64E5EBDAA6}.Release|Any CPU.Build.0 = Release|Any CPU
		{F6923471-1C75-4E3A-8F28-44A8C5412882}.Debug|Any CPU.ActiveCfg = Debug|Any CPU
		{F6923471-1C75-4E3A-8F28-44A8C5412882}.Debug|Any CPU.Build.0 = Debug|Any CPU
		{F6923471-1C75-4E3A-8F28-44A8C5412882}.Release|Any CPU.ActiveCfg = Release|Any CPU
		{F6923471-1C75-4E3A-8F28-44A8C5412882}.Release|Any CPU.Build.0 = Release|Any CPU
		{A695899F-C9CF-4E5F-9626-7651AFF29BE9}.Debug|Any CPU.ActiveCfg = Debug|Any CPU
		{A695899F-C9CF-4E5F-9626-7651AFF29BE9}.Debug|Any CPU.Build.0 = Debug|Any CPU
		{A695899F-C9CF-4E5F-9626-7651AFF29BE9}.Release|Any CPU.ActiveCfg = Release|Any CPU
		{A695899F-C9CF-4E5F-9626-7651AFF29BE9}.Release|Any CPU.Build.0 = Release|Any CPU
		{62576589-2A05-4D5E-8D69-58DB510173EE}.Debug|Any CPU.ActiveCfg = Debug|Any CPU
		{62576589-2A05-4D5E-8D69-58DB510173EE}.Debug|Any CPU.Build.0 = Debug|Any CPU
		{62576589-2A05-4D5E-8D69-58DB510173EE}.Release|Any CPU.ActiveCfg = Release|Any CPU
		{62576589-2A05-4D5E-8D69-58DB510173EE}.Release|Any CPU.Build.0 = Release|Any CPU
		{E4282D60-2C54-480E-B6D0-0FAFF112F3DB}.Debug|Any CPU.ActiveCfg = Debug|Any CPU
		{E4282D60-2C54-480E-B6D0-0FAFF112F3DB}.Debug|Any CPU.Build.0 = Debug|Any CPU
		{E4282D60-2C54-480E-B6D0-0FAFF112F3DB}.Release|Any CPU.ActiveCfg = Release|Any CPU
		{E4282D60-2C54-480E-B6D0-0FAFF112F3DB}.Release|Any CPU.Build.0 = Release|Any CPU
		{F3294C5E-6E22-42E9-B140-0578A34F2903}.Debug|Any CPU.ActiveCfg = Debug|Any CPU
		{F3294C5E-6E22-42E9-B140-0578A34F2903}.Debug|Any CPU.Build.0 = Debug|Any CPU
		{F3294C5E-6E22-42E9-B140-0578A34F2903}.Release|Any CPU.ActiveCfg = Release|Any CPU
		{F3294C5E-6E22-42E9-B140-0578A34F2903}.Release|Any CPU.Build.0 = Release|Any CPU
		{3B7BDA5C-0DEF-495E-9524-ED971AD4A616}.Debug|Any CPU.ActiveCfg = Debug|Any CPU
		{3B7BDA5C-0DEF-495E-9524-ED971AD4A616}.Debug|Any CPU.Build.0 = Debug|Any CPU
		{3B7BDA5C-0DEF-495E-9524-ED971AD4A616}.Release|Any CPU.ActiveCfg = Release|Any CPU
		{3B7BDA5C-0DEF-495E-9524-ED971AD4A616}.Release|Any CPU.Build.0 = Release|Any CPU
		{727D68C3-7341-41B0-8386-05A684DB6B49}.Debug|Any CPU.ActiveCfg = Debug|Any CPU
		{727D68C3-7341-41B0-8386-05A684DB6B49}.Debug|Any CPU.Build.0 = Debug|Any CPU
		{727D68C3-7341-41B0-8386-05A684DB6B49}.Release|Any CPU.ActiveCfg = Release|Any CPU
		{727D68C3-7341-41B0-8386-05A684DB6B49}.Release|Any CPU.Build.0 = Release|Any CPU
	EndGlobalSection
	GlobalSection(SolutionProperties) = preSolution
		HideSolutionNode = FALSE
	EndGlobalSection
	GlobalSection(NestedProjects) = preSolution
		{23B90184-61EC-40F6-BEA7-6F9D044A0DEF} = {2B75017D-BBB0-4794-BAED-E1A2FB205E43}
		{C46BFB28-8548-4CE7-B6EA-8E64E5EBDAA6} = {66CA0F19-C551-45DA-AFCD-B4518FA6CDDD}
		{2B75017D-BBB0-4794-BAED-E1A2FB205E43} = {2F6E058F-D735-4B01-870B-B0A8F59FD254}
		{66CA0F19-C551-45DA-AFCD-B4518FA6CDDD} = {2F6E058F-D735-4B01-870B-B0A8F59FD254}
		{F6923471-1C75-4E3A-8F28-44A8C5412882} = {2B75017D-BBB0-4794-BAED-E1A2FB205E43}
		{A695899F-C9CF-4E5F-9626-7651AFF29BE9} = {2B75017D-BBB0-4794-BAED-E1A2FB205E43}
		{62576589-2A05-4D5E-8D69-58DB510173EE} = {2B75017D-BBB0-4794-BAED-E1A2FB205E43}
		{E4282D60-2C54-480E-B6D0-0FAFF112F3DB} = {2B75017D-BBB0-4794-BAED-E1A2FB205E43}
		{F3294C5E-6E22-42E9-B140-0578A34F2903} = {66CA0F19-C551-45DA-AFCD-B4518FA6CDDD}
		{3B7BDA5C-0DEF-495E-9524-ED971AD4A616} = {66CA0F19-C551-45DA-AFCD-B4518FA6CDDD}
		{727D68C3-7341-41B0-8386-05A684DB6B49} = {66CA0F19-C551-45DA-AFCD-B4518FA6CDDD}
	EndGlobalSection
	GlobalSection(ExtensibilityGlobals) = postSolution
		SolutionGuid = {8E515890-2324-4A01-B52B-867B1B648B8F}
	EndGlobalSection
EndGlobal
