
Microsoft Visual Studio Solution File, Format Version 12.00
# Visual Studio Version 17
VisualStudioVersion = 17.8.34601.278
MinimumVisualStudioVersion = 10.0.40219.1
Project("{9A19103F-16F7-4668-BE54-9A1E7A4F7556}") = "TelephoneBook.ContactAPI", "TelephoneBook.ContactAPI\TelephoneBook.ContactAPI.csproj", "{23B90184-61EC-40F6-BEA7-6F9D044A0DEF}"
EndProject
Project("{9A19103F-16F7-4668-BE54-9A1E7A4F7556}") = "Shared", "Shared\Shared.csproj", "{103B1802-77D6-47A5-B6E4-0041B64B74C9}"
EndProject
Project("{9A19103F-16F7-4668-BE54-9A1E7A4F7556}") = "TelephoneBook.ReportAPI", "TelephoneBook.Report\TelephoneBook.ReportAPI.csproj", "{C46BFB28-8548-4CE7-B6EA-8E64E5EBDAA6}"
EndProject
Global
	GlobalSection(SolutionConfigurationPlatforms) = preSolution
		Debug|Any CPU = Debug|Any CPU
		Release|Any CPU = Release|Any CPU
	EndGlobalSection
	GlobalSection(ProjectConfigurationPlatforms) = postSolution
		{23B90184-61EC-40F6-BEA7-6F9D044A0DEF}.Debug|Any CPU.ActiveCfg = Debug|Any CPU
		{23B90184-61EC-40F6-BEA7-6F9D044A0DEF}.Debug|Any CPU.Build.0 = Debug|Any CPU
		{23B90184-61EC-40F6-BEA7-6F9D044A0DEF}.Release|Any CPU.ActiveCfg = Release|Any CPU
		{23B90184-61EC-40F6-BEA7-6F9D044A0DEF}.Release|Any CPU.Build.0 = Release|Any CPU
		{103B1802-77D6-47A5-B6E4-0041B64B74C9}.Debug|Any CPU.ActiveCfg = Debug|Any CPU
		{103B1802-77D6-47A5-B6E4-0041B64B74C9}.Debug|Any CPU.Build.0 = Debug|Any CPU
		{103B1802-77D6-47A5-B6E4-0041B64B74C9}.Release|Any CPU.ActiveCfg = Release|Any CPU
		{103B1802-77D6-47A5-B6E4-0041B64B74C9}.Release|Any CPU.Build.0 = Release|Any CPU
		{C46BFB28-8548-4CE7-B6EA-8E64E5EBDAA6}.Debug|Any CPU.ActiveCfg = Debug|Any CPU
		{C46BFB28-8548-4CE7-B6EA-8E64E5EBDAA6}.Debug|Any CPU.Build.0 = Debug|Any CPU
		{C46BFB28-8548-4CE7-B6EA-8E64E5EBDAA6}.Release|Any CPU.ActiveCfg = Release|Any CPU
		{C46BFB28-8548-4CE7-B6EA-8E64E5EBDAA6}.Release|Any CPU.Build.0 = Release|Any CPU
	EndGlobalSection
	GlobalSection(SolutionProperties) = preSolution
		HideSolutionNode = FALSE
	EndGlobalSection
	GlobalSection(ExtensibilityGlobals) = postSolution
		SolutionGuid = {8E515890-2324-4A01-B52B-867B1B648B8F}
	EndGlobalSection
EndGlobal
